
Microsoft Visual Studio Solution File, Format Version 12.00
# Visual Studio Version 17
VisualStudioVersion = 17.13.35919.96 d17.13
MinimumVisualStudioVersion = 10.0.40219.1
Project("{FAE04EC0-301F-11D3-BF4B-00C04F79EFBC}") = "LibraryAdminPage", "LibraryAdminPage\LibraryAdminPage.csproj", "{ABFE42DE-A2F6-46D5-8287-B6A7250F2B7C}"
EndProject
Global
	GlobalSection(SolutionConfigurationPlatforms) = preSolution
		Debug|Any CPU = Debug|Any CPU
		Release|Any CPU = Release|Any CPU
	EndGlobalSection
	GlobalSection(ProjectConfigurationPlatforms) = postSolution
		{ABFE42DE-A2F6-46D5-8287-B6A7250F2B7C}.Debug|Any CPU.ActiveCfg = Debug|Any CPU
		{ABFE42DE-A2F6-46D5-8287-B6A7250F2B7C}.Debug|Any CPU.Build.0 = Debug|Any CPU
		{ABFE42DE-A2F6-46D5-8287-B6A7250F2B7C}.Release|Any CPU.ActiveCfg = Release|Any CPU
		{ABFE42DE-A2F6-46D5-8287-B6A7250F2B7C}.Release|Any CPU.Build.0 = Release|Any CPU
	EndGlobalSection
	GlobalSection(SolutionProperties) = preSolution
		HideSolutionNode = FALSE
	EndGlobalSection
	GlobalSection(ExtensibilityGlobals) = postSolution
		SolutionGuid = {BC9099C9-10D5-46B4-BDAA-77B081C8CF21}
	EndGlobalSection
EndGlobal
